{
  "name": "aial",
  "lockfileVersion": 3,
  "requires": true,
  "packages": {
    "": {
      "name": "aial",
      "workspaces": [
        "packages/*"
      ]
    },
    "packages/router-core": {
      "name": "@aial/router-core",
      "version": "0.1.0",
      "devDependencies": {
        "typescript": "^5.4.0"
      }
    },
    "packages/daemon": {
      "name": "@aial/daemon",
      "version": "0.1.0",
      "dependencies": {
        "@aial/router-core": "file:../router-core",
        "@grpc/grpc-js": "^1.10.7",
        "@grpc/proto-loader": "^0.7.9",
        "fastify": "^4.28.1",
        "fastify-sse-v2": "^3.1.0"
      },
      "devDependencies": {
        "typescript": "^5.4.0",
        "tsx": "^4.16.0"
      }
    }
  },
  "dependencies": {
    "@aial/router-core": {
      "version": "file:packages/router-core"
    },
    "@aial/daemon": {
      "version": "file:packages/daemon"
    }
  }
}
