{
  "name": "aial",
  "lockfileVersion": 3,
  "requires": true,
  "packages": {
    "": {
      "name": "aial",
      "workspaces": [
        "packages/*"
      ]
    },
    "node_modules/@aial/daemon": {
      "resolved": "packages/daemon",
      "link": true
    },
    "node_modules/@aial/router-core": {
      "resolved": "packages/router-core",
      "link": true
    },
    "packages/daemon": {
      "name": "@aial/daemon",
      "version": "0.1.0",
      "dependencies": {
        "@aial/router-core": "file:../router-core"
      }
    },
    "packages/router-core": {
      "name": "@aial/router-core",
      "version": "0.1.0"
    }
  }
}
